
Microsoft Visual Studio Solution File, Format Version 12.00
# Visual Studio 15
Project("{FAE04EC0-301F-11D3-BF4B-00C04F79EFBC}") = "Assembly-CSharp", "Assembly-CSharp.csproj", "{B2B7429E-1AF5-F2B9-AAE4-7EF8993D9D05}"
EndProject
Project("{FAE04EC0-301F-11D3-BF4B-00C04F79EFBC}") = "Assembly-CSharp-Editor", "Assembly-CSharp-Editor.csproj", "{09783C1F-33AC-2525-3753-4880CAB0100F}"
EndProject
Global
	GlobalSection(SolutionConfigurationPlatforms) = preSolution
		Debug|Any CPU = Debug|Any CPU
		Release|Any CPU = Release|Any CPU
	EndGlobalSection
	GlobalSection(ProjectConfigurationPlatforms) = postSolution
		{B2B7429E-1AF5-F2B9-AAE4-7EF8993D9D05}.Debug|Any CPU.ActiveCfg = Debug|Any CPU
		{B2B7429E-1AF5-F2B9-AAE4-7EF8993D9D05}.Debug|Any CPU.Build.0 = Debug|Any CPU
		{B2B7429E-1AF5-F2B9-AAE4-7EF8993D9D05}.Release|Any CPU.ActiveCfg = Release|Any CPU
		{B2B7429E-1AF5-F2B9-AAE4-7EF8993D9D05}.Release|Any CPU.Build.0 = Release|Any CPU
		{09783C1F-33AC-2525-3753-4880CAB0100F}.Debug|Any CPU.ActiveCfg = Debug|Any CPU
		{09783C1F-33AC-2525-3753-4880CAB0100F}.Debug|Any CPU.Build.0 = Debug|Any CPU
		{09783C1F-33AC-2525-3753-4880CAB0100F}.Release|Any CPU.ActiveCfg = Release|Any CPU
		{09783C1F-33AC-2525-3753-4880CAB0100F}.Release|Any CPU.Build.0 = Release|Any CPU
	EndGlobalSection
	GlobalSection(SolutionProperties) = preSolution
		HideSolutionNode = FALSE
	EndGlobalSection
EndGlobal
